// !$*UTF8*$!
{
	archiveVersion = 1;
	classes = {
	};
	objectVersion = 77;
	objects = {

/* Begin PBXBuildFile section */
		0E23136944531F073193514D /* ProfileViewModel.swift in Sources */ = {isa = PBXBuildFile; fileRef = 498E585B380974B94315AAD8 /* ProfileViewModel.swift */; };
		1A4EFB8BC5555C7183DD0F86 /* AnalyzeView.swift in Sources */ = {isa = PBXBuildFile; fileRef = 90F9F76545B21E9781B535B6 /* AnalyzeView.swift */; };
		1CD5BFD24730916A6C26E052 /* LogReactionView.swift in Sources */ = {isa = PBXBuildFile; fileRef = 7E3B353190BB6D98C7A0A6CB /* LogReactionView.swift */; };
		1F21C83B0AAAF18895B4A145 /* AnalyzeViewModel.swift in Sources */ = {isa = PBXBuildFile; fileRef = F3E9DED88E50D7AE365AF75A /* AnalyzeViewModel.swift */; };
		2D6B0C9E16EE324D5EBFA0CB /* ScannerViewModel.swift in Sources */ = {isa = PBXBuildFile; fileRef = 62981C311717F6D298F79E08 /* ScannerViewModel.swift */; };
		39254A9D666052C4423E1F99 /* ScannerTabView.swift in Sources */ = {isa = PBXBuildFile; fileRef = 48342AECB2E139CFBEBCADB8 /* ScannerTabView.swift */; };
		3BAED87D7EF24D9C208893ED /* ReactionViewModel.swift in Sources */ = {isa = PBXBuildFile; fileRef = 3A492454CC47032A76E179D5 /* ReactionViewModel.swift */; };
		4130FEA072AA179A75B18F85 /* LalaRetroApp.swift in Sources */ = {isa = PBXBuildFile; fileRef = 30EAE02B5FC51603A62C76DB /* LalaRetroApp.swift */; };
		4380C71FB9BA9CDA2DF22F5B /* AddProductView.swift in Sources */ = {isa = PBXBuildFile; fileRef = D16E3D8A3B51C621BFB83DF0 /* AddProductView.swift */; };
		51A9F465131D170F13C8B8DE /* SuspectResult.swift in Sources */ = {isa = PBXBuildFile; fileRef = AAC25D4CB61987FC873ED952 /* SuspectResult.swift */; };
		5DE99B2BB3CA94CB95F828C6 /* LocalStorageService.swift in Sources */ = {isa = PBXBuildFile; fileRef = 535D0A4941121CEF351B520F /* LocalStorageService.swift */; };
		6B8E661FED406C7647AFEBF4 /* Product.swift in Sources */ = {isa = PBXBuildFile; fileRef = 4FA0C9492C5D2F1EE505FE6D /* Product.swift */; };
		6CB556AC351B047898AF9EC8 /* GradientBackground.swift in Sources */ = {isa = PBXBuildFile; fileRef = 51D95B05623CB46B797B59E2 /* GradientBackground.swift */; };
		755CB4D14CE572DA2964C276 /* ProfileView.swift in Sources */ = {isa = PBXBuildFile; fileRef = 95134379E58894436038C082 /* ProfileView.swift */; };
		7B1FF19E713F5FEDDA08E6CE /* IngredientParser.swift in Sources */ = {isa = PBXBuildFile; fileRef = 3DA3062C1C614247596D0CE9 /* IngredientParser.swift */; };
		8620BAA876B52AFBC5C6D84A /* OCRScannerView.swift in Sources */ = {isa = PBXBuildFile; fileRef = 78585A06724B94B29DD598E4 /* OCRScannerView.swift */; };
		876C13A03DBFADB9441ECC17 /* Assets.xcassets in Resources */ = {isa = PBXBuildFile; fileRef = EE09B0DC2283E0AF7B924A2B /* Assets.xcassets */; };
		A966BA0632128E0C62FA39A3 /* ProductCard.swift in Sources */ = {isa = PBXBuildFile; fileRef = EB0B82DCD24124CFBAE37539 /* ProductCard.swift */; };
		B33E486E6CD7502282CE316C /* CrossReferenceEngine.swift in Sources */ = {isa = PBXBuildFile; fileRef = 7852016E2F737F054BF1A441 /* CrossReferenceEngine.swift */; };
		C4466B32D5FF382A2C78AA1B /* ProductDetailView.swift in Sources */ = {isa = PBXBuildFile; fileRef = CBDD26DCE0C783B3DEAFF611 /* ProductDetailView.swift */; };
		C8E2CD67196903CC10856031 /* HomeViewModel.swift in Sources */ = {isa = PBXBuildFile; fileRef = 123329787853EEA7C7F4A95F /* HomeViewModel.swift */; };
		D1603471D065787795E95CDE /* IngredientBadge.swift in Sources */ = {isa = PBXBuildFile; fileRef = E8FC894F92CB1FC56E64803F /* IngredientBadge.swift */; };
		D2EFE8ED58546156791906DF /* OCRService.swift in Sources */ = {isa = PBXBuildFile; fileRef = A15D0F9C7D431FB9E0CB43DC /* OCRService.swift */; };
		EA0A4403921B01BE5B3DC611 /* ContentView.swift in Sources */ = {isa = PBXBuildFile; fileRef = C5D2F0E8AB26D9106AA3BF2E /* ContentView.swift */; };
		EA3077CF56360A9AF38A07E7 /* UserReaction.swift in Sources */ = {isa = PBXBuildFile; fileRef = CFC48FDA820B52A747FDF8B7 /* UserReaction.swift */; };
		FF191CEF6EAA9633D8FE1D37 /* HomeView.swift in Sources */ = {isa = PBXBuildFile; fileRef = 51AAAC9EE8005F4298BA1BFA /* HomeView.swift */; };
/* End PBXBuildFile section */

/* Begin PBXFileReference section */
		123329787853EEA7C7F4A95F /* HomeViewModel.swift */ = {isa = PBXFileReference; lastKnownFileType = sourcecode.swift; path = HomeViewModel.swift; sourceTree = "<group>"; };
		12439581FC080F477D962644 /* documents */ = {isa = PBXFileReference; lastKnownFileType = folder; name = documents; path = ../documents; sourceTree = SOURCE_ROOT; };
		30EAE02B5FC51603A62C76DB /* LalaRetroApp.swift */ = {isa = PBXFileReference; lastKnownFileType = sourcecode.swift; path = LalaRetroApp.swift; sourceTree = "<group>"; };
		3A492454CC47032A76E179D5 /* ReactionViewModel.swift */ = {isa = PBXFileReference; lastKnownFileType = sourcecode.swift; path = ReactionViewModel.swift; sourceTree = "<group>"; };
		3DA3062C1C614247596D0CE9 /* IngredientParser.swift */ = {isa = PBXFileReference; lastKnownFileType = sourcecode.swift; path = IngredientParser.swift; sourceTree = "<group>"; };
		48342AECB2E139CFBEBCADB8 /* ScannerTabView.swift */ = {isa = PBXFileReference; lastKnownFileType = sourcecode.swift; path = ScannerTabView.swift; sourceTree = "<group>"; };
		498E585B380974B94315AAD8 /* ProfileViewModel.swift */ = {isa = PBXFileReference; lastKnownFileType = sourcecode.swift; path = ProfileViewModel.swift; sourceTree = "<group>"; };
		4FA0C9492C5D2F1EE505FE6D /* Product.swift */ = {isa = PBXFileReference; lastKnownFileType = sourcecode.swift; path = Product.swift; sourceTree = "<group>"; };
		51AAAC9EE8005F4298BA1BFA /* HomeView.swift */ = {isa = PBXFileReference; lastKnownFileType = sourcecode.swift; path = HomeView.swift; sourceTree = "<group>"; };
		51D95B05623CB46B797B59E2 /* GradientBackground.swift */ = {isa = PBXFileReference; lastKnownFileType = sourcecode.swift; path = GradientBackground.swift; sourceTree = "<group>"; };
		535D0A4941121CEF351B520F /* LocalStorageService.swift */ = {isa = PBXFileReference; lastKnownFileType = sourcecode.swift; path = LocalStorageService.swift; sourceTree = "<group>"; };
		62981C311717F6D298F79E08 /* ScannerViewModel.swift */ = {isa = PBXFileReference; lastKnownFileType = sourcecode.swift; path = ScannerViewModel.swift; sourceTree = "<group>"; };
		7852016E2F737F054BF1A441 /* CrossReferenceEngine.swift */ = {isa = PBXFileReference; lastKnownFileType = sourcecode.swift; path = CrossReferenceEngine.swift; sourceTree = "<group>"; };
		78585A06724B94B29DD598E4 /* OCRScannerView.swift */ = {isa = PBXFileReference; lastKnownFileType = sourcecode.swift; path = OCRScannerView.swift; sourceTree = "<group>"; };
		7E3B353190BB6D98C7A0A6CB /* LogReactionView.swift */ = {isa = PBXFileReference; lastKnownFileType = sourcecode.swift; path = LogReactionView.swift; sourceTree = "<group>"; };
		90F9F76545B21E9781B535B6 /* AnalyzeView.swift */ = {isa = PBXFileReference; lastKnownFileType = sourcecode.swift; path = AnalyzeView.swift; sourceTree = "<group>"; };
		95134379E58894436038C082 /* ProfileView.swift */ = {isa = PBXFileReference; lastKnownFileType = sourcecode.swift; path = ProfileView.swift; sourceTree = "<group>"; };
		A15D0F9C7D431FB9E0CB43DC /* OCRService.swift */ = {isa = PBXFileReference; lastKnownFileType = sourcecode.swift; path = OCRService.swift; sourceTree = "<group>"; };
		AAC25D4CB61987FC873ED952 /* SuspectResult.swift */ = {isa = PBXFileReference; lastKnownFileType = sourcecode.swift; path = SuspectResult.swift; sourceTree = "<group>"; };
		C5D2F0E8AB26D9106AA3BF2E /* ContentView.swift */ = {isa = PBXFileReference; lastKnownFileType = sourcecode.swift; path = ContentView.swift; sourceTree = "<group>"; };
		CBDD26DCE0C783B3DEAFF611 /* ProductDetailView.swift */ = {isa = PBXFileReference; lastKnownFileType = sourcecode.swift; path = ProductDetailView.swift; sourceTree = "<group>"; };
		CFC48FDA820B52A747FDF8B7 /* UserReaction.swift */ = {isa = PBXFileReference; lastKnownFileType = sourcecode.swift; path = UserReaction.swift; sourceTree = "<group>"; };
		D16E3D8A3B51C621BFB83DF0 /* AddProductView.swift */ = {isa = PBXFileReference; lastKnownFileType = sourcecode.swift; path = AddProductView.swift; sourceTree = "<group>"; };
		DFF01DB6658A95C250A9098F /* LalaRetro.app */ = {isa = PBXFileReference; includeInIndex = 0; lastKnownFileType = wrapper.application; path = LalaRetro.app; sourceTree = BUILT_PRODUCTS_DIR; };
		E8FC894F92CB1FC56E64803F /* IngredientBadge.swift */ = {isa = PBXFileReference; lastKnownFileType = sourcecode.swift; path = IngredientBadge.swift; sourceTree = "<group>"; };
		EB0B82DCD24124CFBAE37539 /* ProductCard.swift */ = {isa = PBXFileReference; lastKnownFileType = sourcecode.swift; path = ProductCard.swift; sourceTree = "<group>"; };
		EE09B0DC2283E0AF7B924A2B /* Assets.xcassets */ = {isa = PBXFileReference; lastKnownFileType = folder.assetcatalog; path = Assets.xcassets; sourceTree = "<group>"; };
		F3E9DED88E50D7AE365AF75A /* AnalyzeViewModel.swift */ = {isa = PBXFileReference; lastKnownFileType = sourcecode.swift; path = AnalyzeViewModel.swift; sourceTree = "<group>"; };
/* End PBXFileReference section */

/* Begin PBXGroup section */
		0AF04282557974774A82C8BC /* Views */ = {
			isa = PBXGroup;
			children = (
				89C2073252C61FAE528F96EC /* Analyze */,
				A1C0B331DEC31BBD0F9D7E84 /* Components */,
				56B63D97A26D660CB36C0DC1 /* Home */,
				7EEAACC9F2BE34BA84FF86AF /* Product */,
				C769DC3D35E2A1D34FDFF7B7 /* Profile */,
				3CD70DEA3C4F4AD140A90E83 /* Reaction */,
				8493BB14FA7C22F4F050A43C /* Scanner */,
			);
			name = Views;
			path = LalaRetro/Views;
			sourceTree = "<group>";
		};
		11D42C872911BC96BF6D3085 /* Models */ = {
			isa = PBXGroup;
			children = (
				92834C91ADE035EBE8A6B5F6 /* Models */,
			);
			name = Models;
			sourceTree = "<group>";
		};
		123B9A1C32079BF33241A275 /* Resources */ = {
			isa = PBXGroup;
			children = (
				4E21A700535A1FB7584F8C10 /* Resources */,
			);
			name = Resources;
			sourceTree = "<group>";
		};
		2BC18B72A30A1568D8ACE24D /* Documents */ = {
			isa = PBXGroup;
			children = (
				12439581FC080F477D962644 /* documents */,
			);
			name = Documents;
			sourceTree = "<group>";
		};
		3CD70DEA3C4F4AD140A90E83 /* Reaction */ = {
			isa = PBXGroup;
			children = (
				7E3B353190BB6D98C7A0A6CB /* LogReactionView.swift */,
			);
			path = Reaction;
			sourceTree = "<group>";
		};
		4D6E3F7705BFC8948F30A569 /* Utils */ = {
			isa = PBXGroup;
			children = (
				7852016E2F737F054BF1A441 /* CrossReferenceEngine.swift */,
				3DA3062C1C614247596D0CE9 /* IngredientParser.swift */,
			);
			name = Utils;
			path = LalaRetro/Utils;
			sourceTree = "<group>";
		};
		4E21A700535A1FB7584F8C10 /* Resources */ = {
			isa = PBXGroup;
			children = (
				EE09B0DC2283E0AF7B924A2B /* Assets.xcassets */,
			);
			name = Resources;
			path = LalaRetro/Resources;
			sourceTree = "<group>";
		};
		4FD45155BD66045A00E9549B = {
			isa = PBXGroup;
			children = (
				90C4C77B8A7B5A03F330F116 /* App */,
				2BC18B72A30A1568D8ACE24D /* Documents */,
				11D42C872911BC96BF6D3085 /* Models */,
				123B9A1C32079BF33241A275 /* Resources */,
				7D8D472BA164A085C9C520DA /* Services */,
				5990A142B756344845703C61 /* Utils */,
				F49B4DA1A32A1FD40A4C164B /* ViewModels */,
				A8B34960A2A9F0E7CF045BCB /* Views */,
				6FBD191B86EA2BA5698D63FF /* Products */,
			);
			sourceTree = "<group>";
		};
		56B63D97A26D660CB36C0DC1 /* Home */ = {
			isa = PBXGroup;
			children = (
				51AAAC9EE8005F4298BA1BFA /* HomeView.swift */,
				EB0B82DCD24124CFBAE37539 /* ProductCard.swift */,
			);
			path = Home;
			sourceTree = "<group>";
		};
		5990A142B756344845703C61 /* Utils */ = {
			isa = PBXGroup;
			children = (
				4D6E3F7705BFC8948F30A569 /* Utils */,
			);
			name = Utils;
			sourceTree = "<group>";
		};
		6FBD191B86EA2BA5698D63FF /* Products */ = {
			isa = PBXGroup;
			children = (
				DFF01DB6658A95C250A9098F /* LalaRetro.app */,
			);
			name = Products;
			sourceTree = "<group>";
		};
		7D8D472BA164A085C9C520DA /* Services */ = {
			isa = PBXGroup;
			children = (
				F727593B38D2ADA997C5BE6C /* Services */,
			);
			name = Services;
			sourceTree = "<group>";
		};
		7EEAACC9F2BE34BA84FF86AF /* Product */ = {
			isa = PBXGroup;
			children = (
				D16E3D8A3B51C621BFB83DF0 /* AddProductView.swift */,
				CBDD26DCE0C783B3DEAFF611 /* ProductDetailView.swift */,
			);
			path = Product;
			sourceTree = "<group>";
		};
		8493BB14FA7C22F4F050A43C /* Scanner */ = {
			isa = PBXGroup;
			children = (
				78585A06724B94B29DD598E4 /* OCRScannerView.swift */,
				48342AECB2E139CFBEBCADB8 /* ScannerTabView.swift */,
			);
			path = Scanner;
			sourceTree = "<group>";
		};
		89C2073252C61FAE528F96EC /* Analyze */ = {
			isa = PBXGroup;
			children = (
				90F9F76545B21E9781B535B6 /* AnalyzeView.swift */,
			);
			path = Analyze;
			sourceTree = "<group>";
		};
		90C4C77B8A7B5A03F330F116 /* App */ = {
			isa = PBXGroup;
			children = (
				9C4FD4F9CE67BC995AC93CDD /* App */,
			);
			name = App;
			sourceTree = "<group>";
		};
		92834C91ADE035EBE8A6B5F6 /* Models */ = {
			isa = PBXGroup;
			children = (
				4FA0C9492C5D2F1EE505FE6D /* Product.swift */,
				AAC25D4CB61987FC873ED952 /* SuspectResult.swift */,
				CFC48FDA820B52A747FDF8B7 /* UserReaction.swift */,
			);
			name = Models;
			path = LalaRetro/Models;
			sourceTree = "<group>";
		};
		9C4FD4F9CE67BC995AC93CDD /* App */ = {
			isa = PBXGroup;
			children = (
				C5D2F0E8AB26D9106AA3BF2E /* ContentView.swift */,
				30EAE02B5FC51603A62C76DB /* LalaRetroApp.swift */,
			);
			name = App;
			path = LalaRetro/App;
			sourceTree = "<group>";
		};
		A1C0B331DEC31BBD0F9D7E84 /* Components */ = {
			isa = PBXGroup;
			children = (
				51D95B05623CB46B797B59E2 /* GradientBackground.swift */,
				E8FC894F92CB1FC56E64803F /* IngredientBadge.swift */,
			);
			path = Components;
			sourceTree = "<group>";
		};
		A8B34960A2A9F0E7CF045BCB /* Views */ = {
			isa = PBXGroup;
			children = (
				0AF04282557974774A82C8BC /* Views */,
			);
			name = Views;
			sourceTree = "<group>";
		};
		AFA2A4A086F477CA2511A52E /* ViewModels */ = {
			isa = PBXGroup;
			children = (
				F3E9DED88E50D7AE365AF75A /* AnalyzeViewModel.swift */,
				123329787853EEA7C7F4A95F /* HomeViewModel.swift */,
				498E585B380974B94315AAD8 /* ProfileViewModel.swift */,
				3A492454CC47032A76E179D5 /* ReactionViewModel.swift */,
				62981C311717F6D298F79E08 /* ScannerViewModel.swift */,
			);
			name = ViewModels;
			path = LalaRetro/ViewModels;
			sourceTree = "<group>";
		};
		C769DC3D35E2A1D34FDFF7B7 /* Profile */ = {
			isa = PBXGroup;
			children = (
				95134379E58894436038C082 /* ProfileView.swift */,
			);
			path = Profile;
			sourceTree = "<group>";
		};
		F49B4DA1A32A1FD40A4C164B /* ViewModels */ = {
			isa = PBXGroup;
			children = (
				AFA2A4A086F477CA2511A52E /* ViewModels */,
			);
			name = ViewModels;
			sourceTree = "<group>";
		};
		F727593B38D2ADA997C5BE6C /* Services */ = {
			isa = PBXGroup;
			children = (
				535D0A4941121CEF351B520F /* LocalStorageService.swift */,
				A15D0F9C7D431FB9E0CB43DC /* OCRService.swift */,
			);
			name = Services;
			path = LalaRetro/Services;
			sourceTree = "<group>";
		};
/* End PBXGroup section */

/* Begin PBXNativeTarget section */
		810FCC8A3F80E9C6322E0256 /* LalaRetro */ = {
			isa = PBXNativeTarget;
			buildConfigurationList = 3E88387A7B809309FDA832B5 /* Build configuration list for PBXNativeTarget "LalaRetro" */;
			buildPhases = (
				4648C4BE1C5EF6F182612C52 /* Sources */,
				6977CFDD9BBECB4DDDE3DAEB /* Resources */,
			);
			buildRules = (
			);
			dependencies = (
			);
			name = LalaRetro;
			packageProductDependencies = (
			);
			productName = LalaRetro;
			productReference = DFF01DB6658A95C250A9098F /* LalaRetro.app */;
			productType = "com.apple.product-type.application";
		};
/* End PBXNativeTarget section */

/* Begin PBXProject section */
		AC230C251440AFCB7F468ACD /* Project object */ = {
			isa = PBXProject;
			attributes = {
				BuildIndependentTargetsInParallel = YES;
				LastUpgradeCheck = 1500;
				TargetAttributes = {
				};
			};
			buildConfigurationList = E256DF8AABA83B5BEC84FF50 /* Build configuration list for PBXProject "LalaRetro" */;
			developmentRegion = en;
			hasScannedForEncodings = 0;
			knownRegions = (
				Base,
				en,
			);
			mainGroup = 4FD45155BD66045A00E9549B;
			minimizedProjectReferenceProxies = 1;
			preferredProjectObjectVersion = 77;
			productRefGroup = 6FBD191B86EA2BA5698D63FF /* Products */;
			projectDirPath = "";
			projectRoot = "";
			targets = (
				810FCC8A3F80E9C6322E0256 /* LalaRetro */,
			);
		};
/* End PBXProject section */

/* Begin PBXResourcesBuildPhase section */
		6977CFDD9BBECB4DDDE3DAEB /* Resources */ = {
			isa = PBXResourcesBuildPhase;
			buildActionMask = 2147483647;
			files = (
				876C13A03DBFADB9441ECC17 /* Assets.xcassets in Resources */,
			);
			runOnlyForDeploymentPostprocessing = 0;
		};
/* End PBXResourcesBuildPhase section */

/* Begin PBXSourcesBuildPhase section */
		4648C4BE1C5EF6F182612C52 /* Sources */ = {
			isa = PBXSourcesBuildPhase;
			buildActionMask = 2147483647;
			files = (
				4380C71FB9BA9CDA2DF22F5B /* AddProductView.swift in Sources */,
				1A4EFB8BC5555C7183DD0F86 /* AnalyzeView.swift in Sources */,
				1F21C83B0AAAF18895B4A145 /* AnalyzeViewModel.swift in Sources */,
				EA0A4403921B01BE5B3DC611 /* ContentView.swift in Sources */,
				B33E486E6CD7502282CE316C /* CrossReferenceEngine.swift in Sources */,
				6CB556AC351B047898AF9EC8 /* GradientBackground.swift in Sources */,
				FF191CEF6EAA9633D8FE1D37 /* HomeView.swift in Sources */,
				C8E2CD67196903CC10856031 /* HomeViewModel.swift in Sources */,
				D1603471D065787795E95CDE /* IngredientBadge.swift in Sources */,
				7B1FF19E713F5FEDDA08E6CE /* IngredientParser.swift in Sources */,
				4130FEA072AA179A75B18F85 /* LalaRetroApp.swift in Sources */,
				5DE99B2BB3CA94CB95F828C6 /* LocalStorageService.swift in Sources */,
				1CD5BFD24730916A6C26E052 /* LogReactionView.swift in Sources */,
				8620BAA876B52AFBC5C6D84A /* OCRScannerView.swift in Sources */,
				D2EFE8ED58546156791906DF /* OCRService.swift in Sources */,
				6B8E661FED406C7647AFEBF4 /* Product.swift in Sources */,
				A966BA0632128E0C62FA39A3 /* ProductCard.swift in Sources */,
				C4466B32D5FF382A2C78AA1B /* ProductDetailView.swift in Sources */,
				755CB4D14CE572DA2964C276 /* ProfileView.swift in Sources */,
				0E23136944531F073193514D /* ProfileViewModel.swift in Sources */,
				3BAED87D7EF24D9C208893ED /* ReactionViewModel.swift in Sources */,
				39254A9D666052C4423E1F99 /* ScannerTabView.swift in Sources */,
				2D6B0C9E16EE324D5EBFA0CB /* ScannerViewModel.swift in Sources */,
				51A9F465131D170F13C8B8DE /* SuspectResult.swift in Sources */,
				EA3077CF56360A9AF38A07E7 /* UserReaction.swift in Sources */,
			);
			runOnlyForDeploymentPostprocessing = 0;
		};
/* End PBXSourcesBuildPhase section */

/* Begin XCBuildConfiguration section */
		6CAFD944DC02E6FCE8842F09 /* Debug */ = {
			isa = XCBuildConfiguration;
			buildSettings = {
				ASSETCATALOG_COMPILER_APPICON_NAME = AppIcon;
				CODE_SIGN_IDENTITY = "iPhone Developer";
				CURRENT_PROJECT_VERSION = 1;
				GENERATE_INFOPLIST_FILE = YES;
				INFOPLIST_KEY_NSCameraUsageDescription = "LalaRetro needs camera access to scan barcodes and photograph ingredient lists.";
				INFOPLIST_KEY_NSPhotoLibraryUsageDescription = "LalaRetro needs photo library access to select photos of ingredient lists for OCR scanning.";
				INFOPLIST_KEY_UIApplicationSceneManifest_Generation = YES;
				INFOPLIST_KEY_UIApplicationSupportsIndirectInputEvents = YES;
				INFOPLIST_KEY_UILaunchScreen_Generation = YES;
				INFOPLIST_KEY_UISupportedInterfaceOrientations_iPad = "UIInterfaceOrientationPortrait UIInterfaceOrientationPortraitUpsideDown UIInterfaceOrientationLandscapeLeft UIInterfaceOrientationLandscapeRight";
				INFOPLIST_KEY_UISupportedInterfaceOrientations_iPhone = UIInterfaceOrientationPortrait;
				LD_RUNPATH_SEARCH_PATHS = (
					"$(inherited)",
					"@executable_path/Frameworks",
				);
				MARKETING_VERSION = 1.0.0;
				PRODUCT_BUNDLE_IDENTIFIER = com.lalaretro.app;
				SDKROOT = iphoneos;
				SWIFT_VERSION = 5.9;
				TARGETED_DEVICE_FAMILY = "1,2";
			};
			name = Debug;
		};
		702598E462EA986B1C1B7620 /* Release */ = {
			isa = XCBuildConfiguration;
			buildSettings = {
				ASSETCATALOG_COMPILER_APPICON_NAME = AppIcon;
				CODE_SIGN_IDENTITY = "iPhone Developer";
				CURRENT_PROJECT_VERSION = 1;
				GENERATE_INFOPLIST_FILE = YES;
				INFOPLIST_KEY_NSCameraUsageDescription = "LalaRetro needs camera access to scan barcodes and photograph ingredient lists.";
				INFOPLIST_KEY_NSPhotoLibraryUsageDescription = "LalaRetro needs photo library access to select photos of ingredient lists for OCR scanning.";
				INFOPLIST_KEY_UIApplicationSceneManifest_Generation = YES;
				INFOPLIST_KEY_UIApplicationSupportsIndirectInputEvents = YES;
				INFOPLIST_KEY_UILaunchScreen_Generation = YES;
				INFOPLIST_KEY_UISupportedInterfaceOrientations_iPad = "UIInterfaceOrientationPortrait UIInterfaceOrientationPortraitUpsideDown UIInterfaceOrientationLandscapeLeft UIInterfaceOrientationLandscapeRight";
				INFOPLIST_KEY_UISupportedInterfaceOrientations_iPhone = UIInterfaceOrientationPortrait;
				LD_RUNPATH_SEARCH_PATHS = (
					"$(inherited)",
					"@executable_path/Frameworks",
				);
				MARKETING_VERSION = 1.0.0;
				PRODUCT_BUNDLE_IDENTIFIER = com.lalaretro.app;
				SDKROOT = iphoneos;
				SWIFT_VERSION = 5.9;
				TARGETED_DEVICE_FAMILY = "1,2";
			};
			name = Release;
		};
		BACB2FFDD813C1BC8E6FFF25 /* Debug */ = {
			isa = XCBuildConfiguration;
			buildSettings = {
				ALWAYS_SEARCH_USER_PATHS = NO;
				CLANG_ANALYZER_NONNULL = YES;
				CLANG_ANALYZER_NUMBER_OBJECT_CONVERSION = YES_AGGRESSIVE;
				CLANG_CXX_LANGUAGE_STANDARD = "gnu++14";
				CLANG_CXX_LIBRARY = "libc++";
				CLANG_ENABLE_MODULES = YES;
				CLANG_ENABLE_OBJC_ARC = YES;
				CLANG_ENABLE_OBJC_WEAK = YES;
				CLANG_WARN_BLOCK_CAPTURE_AUTORELEASING = YES;
				CLANG_WARN_BOOL_CONVERSION = YES;
				CLANG_WARN_COMMA = YES;
				CLANG_WARN_CONSTANT_CONVERSION = YES;
				CLANG_WARN_DEPRECATED_OBJC_IMPLEMENTATIONS = YES;
				CLANG_WARN_DIRECT_OBJC_ISA_USAGE = YES_ERROR;
				CLANG_WARN_DOCUMENTATION_COMMENTS = YES;
				CLANG_WARN_EMPTY_BODY = YES;
				CLANG_WARN_ENUM_CONVERSION = YES;
				CLANG_WARN_INFINITE_RECURSION = YES;
				CLANG_WARN_INT_CONVERSION = YES;
				CLANG_WARN_NON_LITERAL_NULL_CONVERSION = YES;
				CLANG_WARN_OBJC_IMPLICIT_RETAIN_SELF = YES;
				CLANG_WARN_OBJC_LITERAL_CONVERSION = YES;
				CLANG_WARN_OBJC_ROOT_CLASS = YES_ERROR;
				CLANG_WARN_QUOTED_INCLUDE_IN_FRAMEWORK_HEADER = YES;
				CLANG_WARN_RANGE_LOOP_ANALYSIS = YES;
				CLANG_WARN_STRICT_PROTOTYPES = YES;
				CLANG_WARN_SUSPICIOUS_MOVE = YES;
				CLANG_WARN_UNGUARDED_AVAILABILITY = YES_AGGRESSIVE;
				CLANG_WARN_UNREACHABLE_CODE = YES;
				CLANG_WARN__DUPLICATE_METHOD_MATCH = YES;
				COPY_PHASE_STRIP = NO;
				DEBUG_INFORMATION_FORMAT = dwarf;
				ENABLE_STRICT_OBJC_MSGSEND = YES;
				ENABLE_TESTABILITY = YES;
				GCC_C_LANGUAGE_STANDARD = gnu11;
				GCC_DYNAMIC_NO_PIC = NO;
				GCC_NO_COMMON_BLOCKS = YES;
				GCC_OPTIMIZATION_LEVEL = 0;
				GCC_PREPROCESSOR_DEFINITIONS = (
					"$(inherited)",
					"DEBUG=1",
				);
				GCC_WARN_64_TO_32_BIT_CONVERSION = YES;
				GCC_WARN_ABOUT_RETURN_TYPE = YES_ERROR;
				GCC_WARN_UNDECLARED_SELECTOR = YES;
				GCC_WARN_UNINITIALIZED_AUTOS = YES_AGGRESSIVE;
				GCC_WARN_UNUSED_FUNCTION = YES;
				GCC_WARN_UNUSED_VARIABLE = YES;
				IPHONEOS_DEPLOYMENT_TARGET = 17.0;
				MTL_ENABLE_DEBUG_INFO = INCLUDE_SOURCE;
				MTL_FAST_MATH = YES;
				ONLY_ACTIVE_ARCH = YES;
				PRODUCT_NAME = "$(TARGET_NAME)";
				SDKROOT = iphoneos;
				SWIFT_ACTIVE_COMPILATION_CONDITIONS = DEBUG;
				SWIFT_OPTIMIZATION_LEVEL = "-Onone";
				SWIFT_VERSION = 5.0;
			};
			name = Debug;
		};
		D9CAEDB6AD56E41FF61546D7 /* Release */ = {
			isa = XCBuildConfiguration;
			buildSettings = {
				ALWAYS_SEARCH_USER_PATHS = NO;
				CLANG_ANALYZER_NONNULL = YES;
				CLANG_ANALYZER_NUMBER_OBJECT_CONVERSION = YES_AGGRESSIVE;
				CLANG_CXX_LANGUAGE_STANDARD = "gnu++14";
				CLANG_CXX_LIBRARY = "libc++";
				CLANG_ENABLE_MODULES = YES;
				CLANG_ENABLE_OBJC_ARC = YES;
				CLANG_ENABLE_OBJC_WEAK = YES;
				CLANG_WARN_BLOCK_CAPTURE_AUTORELEASING = YES;
				CLANG_WARN_BOOL_CONVERSION = YES;
				CLANG_WARN_COMMA = YES;
				CLANG_WARN_CONSTANT_CONVERSION = YES;
				CLANG_WARN_DEPRECATED_OBJC_IMPLEMENTATIONS = YES;
				CLANG_WARN_DIRECT_OBJC_ISA_USAGE = YES_ERROR;
				CLANG_WARN_DOCUMENTATION_COMMENTS = YES;
				CLANG_WARN_EMPTY_BODY = YES;
				CLANG_WARN_ENUM_CONVERSION = YES;
				CLANG_WARN_INFINITE_RECURSION = YES;
				CLANG_WARN_INT_CONVERSION = YES;
				CLANG_WARN_NON_LITERAL_NULL_CONVERSION = YES;
				CLANG_WARN_OBJC_IMPLICIT_RETAIN_SELF = YES;
				CLANG_WARN_OBJC_LITERAL_CONVERSION = YES;
				CLANG_WARN_OBJC_ROOT_CLASS = YES_ERROR;
				CLANG_WARN_QUOTED_INCLUDE_IN_FRAMEWORK_HEADER = YES;
				CLANG_WARN_RANGE_LOOP_ANALYSIS = YES;
				CLANG_WARN_STRICT_PROTOTYPES = YES;
				CLANG_WARN_SUSPICIOUS_MOVE = YES;
				CLANG_WARN_UNGUARDED_AVAILABILITY = YES_AGGRESSIVE;
				CLANG_WARN_UNREACHABLE_CODE = YES;
				CLANG_WARN__DUPLICATE_METHOD_MATCH = YES;
				COPY_PHASE_STRIP = NO;
				DEBUG_INFORMATION_FORMAT = "dwarf-with-dsym";
				ENABLE_NS_ASSERTIONS = NO;
				ENABLE_STRICT_OBJC_MSGSEND = YES;
				GCC_C_LANGUAGE_STANDARD = gnu11;
				GCC_NO_COMMON_BLOCKS = YES;
				GCC_WARN_64_TO_32_BIT_CONVERSION = YES;
				GCC_WARN_ABOUT_RETURN_TYPE = YES_ERROR;
				GCC_WARN_UNDECLARED_SELECTOR = YES;
				GCC_WARN_UNINITIALIZED_AUTOS = YES_AGGRESSIVE;
				GCC_WARN_UNUSED_FUNCTION = YES;
				GCC_WARN_UNUSED_VARIABLE = YES;
				IPHONEOS_DEPLOYMENT_TARGET = 17.0;
				MTL_ENABLE_DEBUG_INFO = NO;
				MTL_FAST_MATH = YES;
				PRODUCT_NAME = "$(TARGET_NAME)";
				SDKROOT = iphoneos;
				SWIFT_COMPILATION_MODE = wholemodule;
				SWIFT_OPTIMIZATION_LEVEL = "-O";
				SWIFT_VERSION = 5.0;
			};
			name = Release;
		};
/* End XCBuildConfiguration section */

/* Begin XCConfigurationList section */
		3E88387A7B809309FDA832B5 /* Build configuration list for PBXNativeTarget "LalaRetro" */ = {
			isa = XCConfigurationList;
			buildConfigurations = (
				6CAFD944DC02E6FCE8842F09 /* Debug */,
				702598E462EA986B1C1B7620 /* Release */,
			);
			defaultConfigurationIsVisible = 0;
			defaultConfigurationName = Debug;
		};
		E256DF8AABA83B5BEC84FF50 /* Build configuration list for PBXProject "LalaRetro" */ = {
			isa = XCConfigurationList;
			buildConfigurations = (
				BACB2FFDD813C1BC8E6FFF25 /* Debug */,
				D9CAEDB6AD56E41FF61546D7 /* Release */,
			);
			defaultConfigurationIsVisible = 0;
			defaultConfigurationName = Debug;
		};
/* End XCConfigurationList section */
	};
	rootObject = AC230C251440AFCB7F468ACD /* Project object */;
}
